{
  "name": "design-gallery",
  "lockfileVersion": 3,
  "requires": true,
  "packages": {
    "": {
      "name": "design-gallery",
      "dependencies": {
        "getdesign": "latest"
      },
      "devDependencies": {
        "js-yaml": "^4.1.0"
      }
    },
    "node_modules/argparse": {
      "version": "2.0.1",
      "resolved": "https://registry.npmjs.org/argparse/-/argparse-2.0.1.tgz",
      "integrity": "sha512-8+9WqebbFzpX9OR+Wa6O29asIogeRMzcGtAINdpMHHyAg10f05aSFVBbcEqGf/PXw1EjAZ+q2/bEBg3DvurK3Q==",
      "dev": true,
      "license": "Python-2.0"
    },
    "node_modules/getdesign": {
      "version": "0.6.10",
      "resolved": "https://registry.npmjs.org/getdesign/-/getdesign-0.6.10.tgz",
      "integrity": "sha512-JplqHTW5Lz7hTdMvpinblHgq7b11DMElEmrK5EgAi/rVZmkoxP6SOb6XNLkYuvg1y/A7/D0EhpfVfH3FEpP04g==",
      "license": "MIT",
      "bin": {
        "getdesign": "bin/cli.mjs"
      },
      "engines": {
        "node": ">=18"
      }
    },
    "node_modules/js-yaml": {
      "version": "4.1.1",
      "resolved": "https://registry.npmjs.org/js-yaml/-/js-yaml-4.1.1.tgz",
      "integrity": "sha512-qQKT4zQxXl8lLwBtHMWwaTcGfFOZviOJet3Oy/xmGk2gZH677CJM9EvtfdSkgWcATZhj/55JZ0rmy3myCT5lsA==",
      "dev": true,
      "license": "MIT",
      "dependencies": {
        "argparse": "^2.0.1"
      },
      "bin": {
        "js-yaml": "bin/js-yaml.js"
      }
    }
  }
}
